<?xml version="1.0" encoding="utf-8"?>
<Project ToolsVersion="4.0" xmlns="http://schemas.microsoft.com/developer/msbuild/2003">
  <ItemGroup>
    <Filter Include="Array">
      <UniqueIdentifier>{27bde77f-b1ed-47e6-8194-321ab9f3bbe4}</UniqueIdentifier>
    </Filter>
    <Filter Include="Binary">
      <UniqueIdentifier>{98c9daa4-b85d-48af-9fc6-0125e4ed4ed7}</UniqueIdentifier>
    </Filter>
    <Filter Include="Digital">
      <UniqueIdentifier>{a662ae6a-5b7e-450e-8a11-501ad8368b17}</UniqueIdentifier>
    </Filter>
    <Filter Include="Greedy">
      <UniqueIdentifier>{301f6b5b-0b0b-4a05-889e-9ba40b2936ff}</UniqueIdentifier>
    </Filter>
    <Filter Include="Heap">
      <UniqueIdentifier>{7a3e8148-218a-44a4-ada9-73d0401eee5d}</UniqueIdentifier>
    </Filter>
  </ItemGroup>
  <ItemGroup>
    <ClCompile Include="LeetCode0001.c">
      <Filter>Array</Filter>
    </ClCompile>
    <ClCompile Include="LeetCode0002.c">
      <Filter>Array</Filter>
    </ClCompile>
    <ClCompile Include="LeetCode0003.c">
      <Filter>Array</Filter>
    </ClCompile>
    <ClCompile Include="LeetCode0004.c">
      <Filter>Binary</Filter>
    </ClCompile>
    <ClCompile Include="LeetCode0005.c">
      <Filter>Array</Filter>
    </ClCompile>
    <ClCompile Include="LeetCode0007.c">
      <Filter>Digital</Filter>
    </ClCompile>
    <ClCompile Include="LeetCode0008.c">
      <Filter>Digital</Filter>
    </ClCompile>
    <ClCompile Include="LeetCode0009.c">
      <Filter>Digital</Filter>
    </ClCompile>
    <ClCompile Include="LeetCode0011.c">
      <Filter>Greedy</Filter>
    </ClCompile>
    <ClCompile Include="LeetCode0012.c">
      <Filter>Digital</Filter>
    </ClCompile>
    <ClCompile Include="LeetCode0012.cpp">
      <Filter>Digital</Filter>
    </ClCompile>
    <ClCompile Include="LeetCode0013.cpp">
      <Filter>Digital</Filter>
    </ClCompile>
    <ClCompile Include="LeetCode0014.c">
      <Filter>Array</Filter>
    </ClCompile>
    <ClCompile Include="LeetCode0015.c">
      <Filter>Digital</Filter>
    </ClCompile>
    <ClCompile Include="LeetCode0016.c">
      <Filter>Digital</Filter>
    </ClCompile>
    <ClCompile Include="LeetCode0023.c">
      <Filter>Heap</Filter>
    </ClCompile>
  </ItemGroup>
</Project>